
Microsoft Visual Studio Solution File, Format Version 12.00
# Visual Studio Version 17
VisualStudioVersion = 17.8.34525.116
MinimumVisualStudioVersion = 10.0.40219.1
Project("{9A19103F-16F7-4668-BE54-9A1E7A4F7556}") = "API Gob Tracker", "API Gob Tracker.csproj", "{A12FF062-89C7-45D3-96D4-2C2CB5058321}"
EndProject
Project("{9A19103F-16F7-4668-BE54-9A1E7A4F7556}") = "BasketballGUI", "..\BasketballGUI\BasketballGUI.csproj", "{053D2EDA-C5AF-4EC8-89C1-33D320D9FFDF}"
EndProject
Project("{FAE04EC0-301F-11D3-BF4B-00C04F79EFBC}") = "Unit Tests Gob Tracker", "..\Unit Tests Gob Tracker\Unit Tests Gob Tracker.csproj", "{199C187F-C31F-4793-8F71-A957BB3019F5}"
	ProjectSection(ProjectDependencies) = postProject
		{A12FF062-89C7-45D3-96D4-2C2CB5058321} = {A12FF062-89C7-45D3-96D4-2C2CB5058321}
	EndProjectSection
EndProject
Global
	GlobalSection(SolutionConfigurationPlatforms) = preSolution
		Debug|Any CPU = Debug|Any CPU
		Release|Any CPU = Release|Any CPU
	EndGlobalSection
	GlobalSection(ProjectConfigurationPlatforms) = postSolution
		{A12FF062-89C7-45D3-96D4-2C2CB5058321}.Debug|Any CPU.ActiveCfg = Debug|Any CPU
		{A12FF062-89C7-45D3-96D4-2C2CB5058321}.Debug|Any CPU.Build.0 = Debug|Any CPU
		{A12FF062-89C7-45D3-96D4-2C2CB5058321}.Release|Any CPU.ActiveCfg = Release|Any CPU
		{A12FF062-89C7-45D3-96D4-2C2CB5058321}.Release|Any CPU.Build.0 = Release|Any CPU
		{053D2EDA-C5AF-4EC8-89C1-33D320D9FFDF}.Debug|Any CPU.ActiveCfg = Debug|Any CPU
		{053D2EDA-C5AF-4EC8-89C1-33D320D9FFDF}.Debug|Any CPU.Build.0 = Debug|Any CPU
		{053D2EDA-C5AF-4EC8-89C1-33D320D9FFDF}.Debug|Any CPU.Deploy.0 = Debug|Any CPU
		{053D2EDA-C5AF-4EC8-89C1-33D320D9FFDF}.Release|Any CPU.ActiveCfg = Release|Any CPU
		{053D2EDA-C5AF-4EC8-89C1-33D320D9FFDF}.Release|Any CPU.Build.0 = Release|Any CPU
		{053D2EDA-C5AF-4EC8-89C1-33D320D9FFDF}.Release|Any CPU.Deploy.0 = Release|Any CPU
		{199C187F-C31F-4793-8F71-A957BB3019F5}.Debug|Any CPU.ActiveCfg = Debug|Any CPU
		{199C187F-C31F-4793-8F71-A957BB3019F5}.Debug|Any CPU.Build.0 = Debug|Any CPU
		{199C187F-C31F-4793-8F71-A957BB3019F5}.Release|Any CPU.ActiveCfg = Release|Any CPU
		{199C187F-C31F-4793-8F71-A957BB3019F5}.Release|Any CPU.Build.0 = Release|Any CPU
	EndGlobalSection
	GlobalSection(SolutionProperties) = preSolution
		HideSolutionNode = FALSE
	EndGlobalSection
	GlobalSection(ExtensibilityGlobals) = postSolution
		SolutionGuid = {13CFB41F-615C-4252-841D-99F0D6C03AAA}
	EndGlobalSection
EndGlobal
